
Microsoft Visual Studio Solution File, Format Version 12.00
# Visual Studio Version 16
VisualStudioVersion = 16.0.31515.178
MinimumVisualStudioVersion = 10.0.40219.1
Project("{FAE04EC0-301F-11D3-BF4B-00C04F79EFBC}") = "Project_WPF_Programacion_II", "Project_WPF_Programacion_II.csproj", "{F710A14E-7CB8-455C-BA5F-03B6F1B3B477}"
EndProject
Global
	GlobalSection(SolutionConfigurationPlatforms) = preSolution
		Debug|Any CPU = Debug|Any CPU
		Release|Any CPU = Release|Any CPU
	EndGlobalSection
	GlobalSection(ProjectConfigurationPlatforms) = postSolution
		{F710A14E-7CB8-455C-BA5F-03B6F1B3B477}.Debug|Any CPU.ActiveCfg = Debug|Any CPU
		{F710A14E-7CB8-455C-BA5F-03B6F1B3B477}.Debug|Any CPU.Build.0 = Debug|Any CPU
		{F710A14E-7CB8-455C-BA5F-03B6F1B3B477}.Release|Any CPU.ActiveCfg = Release|Any CPU
		{F710A14E-7CB8-455C-BA5F-03B6F1B3B477}.Release|Any CPU.Build.0 = Release|Any CPU
	EndGlobalSection
	GlobalSection(SolutionProperties) = preSolution
		HideSolutionNode = FALSE
	EndGlobalSection
	GlobalSection(ExtensibilityGlobals) = postSolution
		SolutionGuid = {2F841B46-7580-4A5A-ACD5-FC8CA8A4FF7F}
	EndGlobalSection
EndGlobal
